<Solution>
  <Folder Name="/src/">
    <Project Path="src/AudioPlayer.App/AudioPlayer.App.csproj" />
    <Project Path="src/AudioPlayer.Core/AudioPlayer.Core.csproj" />
  </Folder>
  <Folder Name="/tests/">
    <Project Path="tests/AudioPlayer.Core.Tests/AudioPlayer.Core.Tests.csproj" />
  </Folder>
</Solution>
